{
    "name": "application-name",
    "version": "0.0.1",
    "lockfileVersion": 1,
    "requires": true,
    "dependencies": {
        "connect": {
            "version": "1.9.2",
            "resolved": "https://registry.npmjs.org/connect/-/connect-1.9.2.tgz",
            "integrity": "sha1-QogKIulDiuWait105Df1iujlKAc=",
            "requires": {
                "formidable": "1.0.x",
                "mime": ">= 0.0.1",
                "qs": ">= 0.4.0"
            }
        },
        "ejs": {
            "version": "2.6.2",
            "resolved": "https://registry.npmjs.org/ejs/-/ejs-2.6.2.tgz",
            "integrity": "sha512-PcW2a0tyTuPHz3tWyYqtK6r1fZ3gp+3Sop8Ph+ZYN81Ob5rwmbHEzaqs10N3BEsaGTkh/ooniXK+WwszGlc2+Q=="
        },
        "express": {
            "version": "2.5.8",
            "resolved": "https://registry.npmjs.org/express/-/express-2.5.8.tgz",
            "integrity": "sha1-8Wa1XU6MbSMH74itF2gglhP3RSo=",
            "requires": {
                "connect": "1.x",
                "mime": "1.2.4",
                "mkdirp": "0.3.0",
                "qs": "0.4.x"
            }
        },
        "formidable": {
            "version": "1.0.16",
            "resolved": "https://registry.npmjs.org/formidable/-/formidable-1.0.16.tgz",
            "integrity": "sha1-SRbP38TL7QILJXpqlQWpqzjCzQ4="
        },
        "mime": {
            "version": "1.2.4",
            "resolved": "https://registry.npmjs.org/mime/-/mime-1.2.4.tgz",
            "integrity": "sha1-EbX9rynCUJJVF2uArVIClPXekrc="
        },
        "mkdirp": {
            "version": "0.3.0",
            "resolved": "https://registry.npmjs.org/mkdirp/-/mkdirp-0.3.0.tgz",
            "integrity": "sha1-G79asbqCevI1dRQ0kEJkVfSB/h4="
        },
        "qs": {
            "version": "0.4.2",
            "resolved": "https://registry.npmjs.org/qs/-/qs-0.4.2.tgz",
            "integrity": "sha1-PKxMhh43GoycR3CsI82o3mObjl8="
        },
        "supervisor": {
            "version": "0.12.0",
            "resolved": "https://registry.npmjs.org/supervisor/-/supervisor-0.12.0.tgz",
            "integrity": "sha1-3n5jNwFbKRhRwQ81OMSn8EkX7ME=",
            "dev": true
        }
    }
}
